<Solution>
  <Project Path="ejercicio01/ejercicio01.csproj" Id="52b635fc-0f90-4b3c-8eb6-0c96b879f504" />
  <Project Path="ejercicio02/ejercicio02.csproj" Id="15f9ff80-8cb8-4043-849d-e9251755f377" />
  <Project Path="ejercicio03/ejercicio03.csproj" Id="447edb69-70f8-4683-8ea2-5775c74cc7c3" />
  <Project Path="ejercicio04/ejercicio04.csproj" Id="d3e8e438-ba26-4fda-9bae-2fd57baa04c2" />
  <Project Path="ejercicio05/ejercicio05.csproj" Id="3c7fae45-404c-4685-b99a-87b261cb9239" />
  <Project Path="ejercicio06/ejercicio06.csproj" Id="19e176e8-02b7-4643-8526-b147e38c7806" />
  <Project Path="ejercicio07/ejercicio07.csproj" Id="a85eaf4e-a222-4d56-a35c-8429271a1654" />
  <Project Path="ejercicio08/ejercicio08.csproj" Id="734b7b46-26bb-4e94-a1bf-006382738344" />
  <Project Path="ejercicio09/ejercicio09.csproj" Id="858f647f-a344-4f93-b163-d4249839c373" />
  <Project Path="ejercicio10/ejercicio10.csproj" Id="e2ea2e08-dfe0-4624-9fad-332c0bb641f6" />
  <Project Path="ejercicio11/ejercicio11.csproj" Id="cd1bb714-078f-4648-bb11-be0a2ae261aa" />
</Solution>
