<Solution>
  <Project Path="ejercicio01/ejercicio01.csproj" Id="849bd8db-b499-47f7-a133-a80b1aef9dfa" />
  <Project Path="ejercicio02/ejercicio02.csproj" Id="00cfe20a-e893-4ac9-84c5-cd0ca4521e6b" />
  <Project Path="ejercicio03/ejercicio03.csproj" Id="4963e529-07f4-45cd-9dc1-9c4285deb52c" />
  <Project Path="ejercicio04/ejercicio04.csproj" Id="ed560fbc-de9b-474a-9b88-0a2477de4d6c" />
  <Project Path="ejercicio05/ejercicio05.csproj" Id="426ae901-f65b-464f-bd6f-edae35f9f71f" />
  <Project Path="ejercicio06/ejercicio06.csproj" Id="91eec062-4aac-4889-97b9-c1e64c1ae6fd" />
  <Project Path="ejercicio07/ejercicio07.csproj" Id="10613d83-3393-4511-bf28-8452d2ad0b7b" />
  <Project Path="ejercicio08/ejercicio08.csproj" Id="8daa12f1-0e06-4edd-9365-ba8a264df4f0" />
</Solution>
