<Solution>
  <Project Path="ejercicio01/ejercicio01.csproj" />
  <Project Path="ejercicio02/ejercicio02.csproj" />
  <Project Path="ejercicio03/ejercicio03.csproj" />
  <Project Path="ejercicio04/ejercicio04.csproj" Id="867fc19c-657e-433c-855c-79f634232451" />
  <Project Path="ejercicio05/ejercicio05.csproj" Id="2cf775b0-ae25-4cef-8c2d-c02af66c5888" />
  <Project Path="ejercicio06/ejercicio06.csproj" Id="0a73637f-b693-4b65-bd48-e79eeeef5565" />
  <Project Path="ejercicio07/ejercicio07.csproj" Id="43c37c11-3cde-4a5a-bd48-ddb03e059afe" />
  <Project Path="ejercicio08/ejercicio08.csproj" Id="e990022f-2e56-4346-9cf8-ad5c8de3d0bd" />
  <Project Path="ejercicio09/ejercicio09.csproj" Id="1e6c5a76-3d96-47ad-8912-7449accb4ee6" />
  <Project Path="ejercicio10/ejercicio10.csproj" Id="d4ab3dc5-c6e5-4862-970e-edd5de376fef" />
</Solution>
