<Solution>
  <Project Path="ejercicio01/ejercicio01.csproj" Id="039ac793-ce54-4a5f-a3ce-b65b6584fe66" />
  <Project Path="ejercicio02/ejercicio02.csproj" Id="956f3360-255b-4916-b009-adb1c60a08a1" />
  <Project Path="ejercicio03/ejercicio03.csproj" Id="53a53300-1241-40ec-9989-e9fa195378d0" />
  <Project Path="ejercicio04/ejercicio04.csproj" Id="619bbace-1db9-4985-a743-f191586cbbcd" />
  <Project Path="ejercicio05/ejercicio05.csproj" Id="288362c2-2e51-46b7-9d41-7d73333a1a00" />
  <Project Path="ejercicio06/ejercicio06.csproj" Id="299e7d79-684e-4e32-8c81-a62f3d7e4a49" />
  <Project Path="ejercicio07/ejercicio07.csproj" Id="9c086332-d7a6-4ec8-8c17-9e333575e24f" />
</Solution>
