<Solution>
  <Project Path="ejercicio01/ejercicio01.csproj" Id="314c772d-3f65-4a2a-b710-3aa6bc71a806" />
  <Project Path="ejercicio02/ejercicio02.csproj" Id="b3cbbe7d-f5f3-4107-9851-2960b9ed1cb1" />
  <Project Path="ejercicio03/ejercicio03.csproj" Id="9ecf2a39-6419-4ce8-b21f-3e91938f155e" />
  <Project Path="ejercicio04/ejercicio04.csproj" Id="3b3f0e29-bbbe-4d46-8fc6-4d6601886c4f" />
  <Project Path="ejercicio05/ejercicio05.csproj" Id="83368ae1-c0aa-4cbc-8a10-1267e7d41ab1" />
  <Project Path="ejercicio06/ejercicio06.csproj" Id="be33ec67-de89-4658-8c82-fdfb365c5afd" />
</Solution>
