<Solution>
  <Project Path="ejercicio01/ejercicio01.csproj" Id="24966bb8-d2c4-47a8-b610-e5898ca2a4b3" />
  <Project Path="ejercicio02/ejercicio02.csproj" Id="abe10116-0082-41ae-b292-a145548fe981" />
  <Project Path="ejercicio03/ejercicio03.csproj" Id="3bb9027b-27f3-47a3-8b4a-fb8d4d120487" />
  <Project Path="ejercicio04/ejercicio04.csproj" Id="3c30df68-ee9c-4c75-80b0-4f1632c1633b" />
</Solution>
